// !$*UTF8*$!
{
	archiveVersion = 1;
	classes = {
	};
	objectVersion = 56;
	objects = {

/* Begin PBXBuildFile section */
		1D13BD522BD0163E00148602 /* Mainstay.ttf in Resources */ = {isa = PBXBuildFile; fileRef = 1D5AFD3D2B98C1AD005FA285 /* Mainstay.ttf */; };
		1D13BD532BD0164100148602 /* Hello.ttf in Resources */ = {isa = PBXBuildFile; fileRef = 1D5AFD3F2B98C261005FA285 /* Hello.ttf */; };
		1D13BD542BD0164300148602 /* ThingsRegular.ttf in Resources */ = {isa = PBXBuildFile; fileRef = 1D5AFD402B98C30F005FA285 /* ThingsRegular.ttf */; };
		1D5AFD0B2B98BDD8005FA285 /* AppDelegate.swift in Sources */ = {isa = PBXBuildFile; fileRef = 1D5AFD0A2B98BDD8005FA285 /* AppDelegate.swift */; };
		1D5AFD0D2B98BDD8005FA285 /* SceneDelegate.swift in Sources */ = {isa = PBXBuildFile; fileRef = 1D5AFD0C2B98BDD8005FA285 /* SceneDelegate.swift */; };
		1D5AFD0F2B98BDD8005FA285 /* ViewController.swift in Sources */ = {isa = PBXBuildFile; fileRef = 1D5AFD0E2B98BDD8005FA285 /* ViewController.swift */; };
		1D5AFD122B98BDD8005FA285 /* Main.storyboard in Resources */ = {isa = PBXBuildFile; fileRef = 1D5AFD102B98BDD8005FA285 /* Main.storyboard */; };
		1D5AFD152B98BDD8005FA285 /* BaristaApp.xcdatamodeld in Sources */ = {isa = PBXBuildFile; fileRef = 1D5AFD132B98BDD8005FA285 /* BaristaApp.xcdatamodeld */; };
		1D5AFD172B98BDD9005FA285 /* Assets.xcassets in Resources */ = {isa = PBXBuildFile; fileRef = 1D5AFD162B98BDD9005FA285 /* Assets.xcassets */; };
		1D5AFD1A2B98BDD9005FA285 /* LaunchScreen.storyboard in Resources */ = {isa = PBXBuildFile; fileRef = 1D5AFD182B98BDD9005FA285 /* LaunchScreen.storyboard */; };
		1D5AFD252B98BDD9005FA285 /* BaristaAppTests.swift in Sources */ = {isa = PBXBuildFile; fileRef = 1D5AFD242B98BDD9005FA285 /* BaristaAppTests.swift */; };
		1D5AFD2F2B98BDD9005FA285 /* BaristaAppUITests.swift in Sources */ = {isa = PBXBuildFile; fileRef = 1D5AFD2E2B98BDD9005FA285 /* BaristaAppUITests.swift */; };
		1D5AFD312B98BDD9005FA285 /* BaristaAppUITestsLaunchTests.swift in Sources */ = {isa = PBXBuildFile; fileRef = 1D5AFD302B98BDD9005FA285 /* BaristaAppUITestsLaunchTests.swift */; };
		1D5AFD422B9F5155005FA285 /* QuizViewController.swift in Sources */ = {isa = PBXBuildFile; fileRef = 1D5AFD412B9F5155005FA285 /* QuizViewController.swift */; };
		1D5AFD442B9F5168005FA285 /* AddQuizViewController.swift in Sources */ = {isa = PBXBuildFile; fileRef = 1D5AFD432B9F5168005FA285 /* AddQuizViewController.swift */; };
		1D5AFD462B9F5183005FA285 /* DrinkTestViewController.swift in Sources */ = {isa = PBXBuildFile; fileRef = 1D5AFD452B9F5183005FA285 /* DrinkTestViewController.swift */; };
		1D5AFD482B9F519A005FA285 /* MilkViewController.swift in Sources */ = {isa = PBXBuildFile; fileRef = 1D5AFD472B9F519A005FA285 /* MilkViewController.swift */; };
		1D5AFD4A2B9F51AC005FA285 /* OtherViewController.swift in Sources */ = {isa = PBXBuildFile; fileRef = 1D5AFD492B9F51AC005FA285 /* OtherViewController.swift */; };
		1D5AFD4C2B9F51BB005FA285 /* SyrupViewController.swift in Sources */ = {isa = PBXBuildFile; fileRef = 1D5AFD4B2B9F51BB005FA285 /* SyrupViewController.swift */; };
		1D5AFD4E2BA88CD7005FA285 /* DetailsViewController.swift in Sources */ = {isa = PBXBuildFile; fileRef = 1D5AFD4D2BA88CD7005FA285 /* DetailsViewController.swift */; };
		C895FBF72BCEC4AB00C6E2D7 /* Drink.swift in Sources */ = {isa = PBXBuildFile; fileRef = C895FBF62BCEC4AB00C6E2D7 /* Drink.swift */; };
/* End PBXBuildFile section */

/* Begin PBXContainerItemProxy section */
		1D5AFD212B98BDD9005FA285 /* PBXContainerItemProxy */ = {
			isa = PBXContainerItemProxy;
			containerPortal = 1D5AFCFF2B98BDD7005FA285 /* Project object */;
			proxyType = 1;
			remoteGlobalIDString = 1D5AFD062B98BDD8005FA285;
			remoteInfo = BaristaApp;
		};
		1D5AFD2B2B98BDD9005FA285 /* PBXContainerItemProxy */ = {
			isa = PBXContainerItemProxy;
			containerPortal = 1D5AFCFF2B98BDD7005FA285 /* Project object */;
			proxyType = 1;
			remoteGlobalIDString = 1D5AFD062B98BDD8005FA285;
			remoteInfo = BaristaApp;
		};
/* End PBXContainerItemProxy section */

/* Begin PBXFileReference section */
		1D5AFD072B98BDD8005FA285 /* BaristaApp.app */ = {isa = PBXFileReference; explicitFileType = wrapper.application; includeInIndex = 0; path = BaristaApp.app; sourceTree = BUILT_PRODUCTS_DIR; };
		1D5AFD0A2B98BDD8005FA285 /* AppDelegate.swift */ = {isa = PBXFileReference; lastKnownFileType = sourcecode.swift; path = AppDelegate.swift; sourceTree = "<group>"; };
		1D5AFD0C2B98BDD8005FA285 /* SceneDelegate.swift */ = {isa = PBXFileReference; lastKnownFileType = sourcecode.swift; path = SceneDelegate.swift; sourceTree = "<group>"; };
		1D5AFD0E2B98BDD8005FA285 /* ViewController.swift */ = {isa = PBXFileReference; lastKnownFileType = sourcecode.swift; path = ViewController.swift; sourceTree = "<group>"; };
		1D5AFD112B98BDD8005FA285 /* Base */ = {isa = PBXFileReference; lastKnownFileType = file.storyboard; name = Base; path = Base.lproj/Main.storyboard; sourceTree = "<group>"; };
		1D5AFD142B98BDD8005FA285 /* BaristaApp.xcdatamodel */ = {isa = PBXFileReference; lastKnownFileType = wrapper.xcdatamodel; path = BaristaApp.xcdatamodel; sourceTree = "<group>"; };
		1D5AFD162B98BDD9005FA285 /* Assets.xcassets */ = {isa = PBXFileReference; lastKnownFileType = folder.assetcatalog; path = Assets.xcassets; sourceTree = "<group>"; };
		1D5AFD192B98BDD9005FA285 /* Base */ = {isa = PBXFileReference; lastKnownFileType = file.storyboard; name = Base; path = Base.lproj/LaunchScreen.storyboard; sourceTree = "<group>"; };
		1D5AFD1B2B98BDD9005FA285 /* Info.plist */ = {isa = PBXFileReference; lastKnownFileType = text.plist.xml; path = Info.plist; sourceTree = "<group>"; };
		1D5AFD202B98BDD9005FA285 /* BaristaAppTests.xctest */ = {isa = PBXFileReference; explicitFileType = wrapper.cfbundle; includeInIndex = 0; path = BaristaAppTests.xctest; sourceTree = BUILT_PRODUCTS_DIR; };
		1D5AFD242B98BDD9005FA285 /* BaristaAppTests.swift */ = {isa = PBXFileReference; lastKnownFileType = sourcecode.swift; path = BaristaAppTests.swift; sourceTree = "<group>"; };
		1D5AFD2A2B98BDD9005FA285 /* BaristaAppUITests.xctest */ = {isa = PBXFileReference; explicitFileType = wrapper.cfbundle; includeInIndex = 0; path = BaristaAppUITests.xctest; sourceTree = BUILT_PRODUCTS_DIR; };
		1D5AFD2E2B98BDD9005FA285 /* BaristaAppUITests.swift */ = {isa = PBXFileReference; lastKnownFileType = sourcecode.swift; path = BaristaAppUITests.swift; sourceTree = "<group>"; };
		1D5AFD302B98BDD9005FA285 /* BaristaAppUITestsLaunchTests.swift */ = {isa = PBXFileReference; lastKnownFileType = sourcecode.swift; path = BaristaAppUITestsLaunchTests.swift; sourceTree = "<group>"; };
		1D5AFD3D2B98C1AD005FA285 /* Mainstay.ttf */ = {isa = PBXFileReference; lastKnownFileType = file; path = Mainstay.ttf; sourceTree = "<group>"; };
		1D5AFD3F2B98C261005FA285 /* Hello.ttf */ = {isa = PBXFileReference; lastKnownFileType = file; path = Hello.ttf; sourceTree = "<group>"; };
		1D5AFD402B98C30F005FA285 /* ThingsRegular.ttf */ = {isa = PBXFileReference; lastKnownFileType = file; path = ThingsRegular.ttf; sourceTree = "<group>"; };
		1D5AFD412B9F5155005FA285 /* QuizViewController.swift */ = {isa = PBXFileReference; lastKnownFileType = sourcecode.swift; path = QuizViewController.swift; sourceTree = "<group>"; };
		1D5AFD432B9F5168005FA285 /* AddQuizViewController.swift */ = {isa = PBXFileReference; lastKnownFileType = sourcecode.swift; path = AddQuizViewController.swift; sourceTree = "<group>"; };
		1D5AFD452B9F5183005FA285 /* DrinkTestViewController.swift */ = {isa = PBXFileReference; lastKnownFileType = sourcecode.swift; path = DrinkTestViewController.swift; sourceTree = "<group>"; };
		1D5AFD472B9F519A005FA285 /* MilkViewController.swift */ = {isa = PBXFileReference; lastKnownFileType = sourcecode.swift; path = MilkViewController.swift; sourceTree = "<group>"; };
		1D5AFD492B9F51AC005FA285 /* OtherViewController.swift */ = {isa = PBXFileReference; lastKnownFileType = sourcecode.swift; path = OtherViewController.swift; sourceTree = "<group>"; };
		1D5AFD4B2B9F51BB005FA285 /* SyrupViewController.swift */ = {isa = PBXFileReference; lastKnownFileType = sourcecode.swift; path = SyrupViewController.swift; sourceTree = "<group>"; };
		1D5AFD4D2BA88CD7005FA285 /* DetailsViewController.swift */ = {isa = PBXFileReference; lastKnownFileType = sourcecode.swift; path = DetailsViewController.swift; sourceTree = "<group>"; };
		C895FBF62BCEC4AB00C6E2D7 /* Drink.swift */ = {isa = PBXFileReference; lastKnownFileType = sourcecode.swift; path = Drink.swift; sourceTree = "<group>"; };
/* End PBXFileReference section */

/* Begin PBXFrameworksBuildPhase section */
		1D5AFD042B98BDD8005FA285 /* Frameworks */ = {
			isa = PBXFrameworksBuildPhase;
			buildActionMask = 2147483647;
			files = (
			);
			runOnlyForDeploymentPostprocessing = 0;
		};
		1D5AFD1D2B98BDD9005FA285 /* Frameworks */ = {
			isa = PBXFrameworksBuildPhase;
			buildActionMask = 2147483647;
			files = (
			);
			runOnlyForDeploymentPostprocessing = 0;
		};
		1D5AFD272B98BDD9005FA285 /* Frameworks */ = {
			isa = PBXFrameworksBuildPhase;
			buildActionMask = 2147483647;
			files = (
			);
			runOnlyForDeploymentPostprocessing = 0;
		};
/* End PBXFrameworksBuildPhase section */

/* Begin PBXGroup section */
		1D5AFCFE2B98BDD7005FA285 = {
			isa = PBXGroup;
			children = (
				1D5AFD092B98BDD8005FA285 /* BaristaApp */,
				1D5AFD232B98BDD9005FA285 /* BaristaAppTests */,
				1D5AFD2D2B98BDD9005FA285 /* BaristaAppUITests */,
				1D5AFD082B98BDD8005FA285 /* Products */,
			);
			sourceTree = "<group>";
		};
		1D5AFD082B98BDD8005FA285 /* Products */ = {
			isa = PBXGroup;
			children = (
				1D5AFD072B98BDD8005FA285 /* BaristaApp.app */,
				1D5AFD202B98BDD9005FA285 /* BaristaAppTests.xctest */,
				1D5AFD2A2B98BDD9005FA285 /* BaristaAppUITests.xctest */,
			);
			name = Products;
			sourceTree = "<group>";
		};
		1D5AFD092B98BDD8005FA285 /* BaristaApp */ = {
			isa = PBXGroup;
			children = (
				1D5AFD0A2B98BDD8005FA285 /* AppDelegate.swift */,
				1D5AFD0C2B98BDD8005FA285 /* SceneDelegate.swift */,
				1D5AFD0E2B98BDD8005FA285 /* ViewController.swift */,
				1D5AFD102B98BDD8005FA285 /* Main.storyboard */,
				C895FBF62BCEC4AB00C6E2D7 /* Drink.swift */,
				1D5AFD4D2BA88CD7005FA285 /* DetailsViewController.swift */,
				1D5AFD4B2B9F51BB005FA285 /* SyrupViewController.swift */,
				1D5AFD492B9F51AC005FA285 /* OtherViewController.swift */,
				1D5AFD472B9F519A005FA285 /* MilkViewController.swift */,
				1D5AFD452B9F5183005FA285 /* DrinkTestViewController.swift */,
				1D5AFD432B9F5168005FA285 /* AddQuizViewController.swift */,
				1D5AFD412B9F5155005FA285 /* QuizViewController.swift */,
				1D5AFD162B98BDD9005FA285 /* Assets.xcassets */,
				1D5AFD182B98BDD9005FA285 /* LaunchScreen.storyboard */,
				1D5AFD1B2B98BDD9005FA285 /* Info.plist */,
				1D5AFD132B98BDD8005FA285 /* BaristaApp.xcdatamodeld */,
				1D5AFD3D2B98C1AD005FA285 /* Mainstay.ttf */,
				1D5AFD3F2B98C261005FA285 /* Hello.ttf */,
				1D5AFD402B98C30F005FA285 /* ThingsRegular.ttf */,
			);
			path = BaristaApp;
			sourceTree = "<group>";
		};
		1D5AFD232B98BDD9005FA285 /* BaristaAppTests */ = {
			isa = PBXGroup;
			children = (
				1D5AFD242B98BDD9005FA285 /* BaristaAppTests.swift */,
			);
			path = BaristaAppTests;
			sourceTree = "<group>";
		};
		1D5AFD2D2B98BDD9005FA285 /* BaristaAppUITests */ = {
			isa = PBXGroup;
			children = (
				1D5AFD2E2B98BDD9005FA285 /* BaristaAppUITests.swift */,
				1D5AFD302B98BDD9005FA285 /* BaristaAppUITestsLaunchTests.swift */,
			);
			path = BaristaAppUITests;
			sourceTree = "<group>";
		};
/* End PBXGroup section */

/* Begin PBXNativeTarget section */
		1D5AFD062B98BDD8005FA285 /* BaristaApp */ = {
			isa = PBXNativeTarget;
			buildConfigurationList = 1D5AFD342B98BDD9005FA285 /* Build configuration list for PBXNativeTarget "BaristaApp" */;
			buildPhases = (
				1D5AFD032B98BDD8005FA285 /* Sources */,
				1D5AFD042B98BDD8005FA285 /* Frameworks */,
				1D5AFD052B98BDD8005FA285 /* Resources */,
			);
			buildRules = (
			);
			dependencies = (
			);
			name = BaristaApp;
			productName = BaristaApp;
			productReference = 1D5AFD072B98BDD8005FA285 /* BaristaApp.app */;
			productType = "com.apple.product-type.application";
		};
		1D5AFD1F2B98BDD9005FA285 /* BaristaAppTests */ = {
			isa = PBXNativeTarget;
			buildConfigurationList = 1D5AFD372B98BDD9005FA285 /* Build configuration list for PBXNativeTarget "BaristaAppTests" */;
			buildPhases = (
				1D5AFD1C2B98BDD9005FA285 /* Sources */,
				1D5AFD1D2B98BDD9005FA285 /* Frameworks */,
				1D5AFD1E2B98BDD9005FA285 /* Resources */,
			);
			buildRules = (
			);
			dependencies = (
				1D5AFD222B98BDD9005FA285 /* PBXTargetDependency */,
			);
			name = BaristaAppTests;
			productName = BaristaAppTests;
			productReference = 1D5AFD202B98BDD9005FA285 /* BaristaAppTests.xctest */;
			productType = "com.apple.product-type.bundle.unit-test";
		};
		1D5AFD292B98BDD9005FA285 /* BaristaAppUITests */ = {
			isa = PBXNativeTarget;
			buildConfigurationList = 1D5AFD3A2B98BDD9005FA285 /* Build configuration list for PBXNativeTarget "BaristaAppUITests" */;
			buildPhases = (
				1D5AFD262B98BDD9005FA285 /* Sources */,
				1D5AFD272B98BDD9005FA285 /* Frameworks */,
				1D5AFD282B98BDD9005FA285 /* Resources */,
			);
			buildRules = (
			);
			dependencies = (
				1D5AFD2C2B98BDD9005FA285 /* PBXTargetDependency */,
			);
			name = BaristaAppUITests;
			productName = BaristaAppUITests;
			productReference = 1D5AFD2A2B98BDD9005FA285 /* BaristaAppUITests.xctest */;
			productType = "com.apple.product-type.bundle.ui-testing";
		};
/* End PBXNativeTarget section */

/* Begin PBXProject section */
		1D5AFCFF2B98BDD7005FA285 /* Project object */ = {
			isa = PBXProject;
			attributes = {
				BuildIndependentTargetsInParallel = 1;
				LastSwiftUpdateCheck = 1500;
				LastUpgradeCheck = 1500;
				TargetAttributes = {
					1D5AFD062B98BDD8005FA285 = {
						CreatedOnToolsVersion = 15.0.1;
					};
					1D5AFD1F2B98BDD9005FA285 = {
						CreatedOnToolsVersion = 15.0.1;
						TestTargetID = 1D5AFD062B98BDD8005FA285;
					};
					1D5AFD292B98BDD9005FA285 = {
						CreatedOnToolsVersion = 15.0.1;
						TestTargetID = 1D5AFD062B98BDD8005FA285;
					};
				};
			};
			buildConfigurationList = 1D5AFD022B98BDD8005FA285 /* Build configuration list for PBXProject "BaristaApp" */;
			compatibilityVersion = "Xcode 14.0";
			developmentRegion = en;
			hasScannedForEncodings = 0;
			knownRegions = (
				en,
				Base,
			);
			mainGroup = 1D5AFCFE2B98BDD7005FA285;
			productRefGroup = 1D5AFD082B98BDD8005FA285 /* Products */;
			projectDirPath = "";
			projectRoot = "";
			targets = (
				1D5AFD062B98BDD8005FA285 /* BaristaApp */,
				1D5AFD1F2B98BDD9005FA285 /* BaristaAppTests */,
				1D5AFD292B98BDD9005FA285 /* BaristaAppUITests */,
			);
		};
/* End PBXProject section */

/* Begin PBXResourcesBuildPhase section */
		1D5AFD052B98BDD8005FA285 /* Resources */ = {
			isa = PBXResourcesBuildPhase;
			buildActionMask = 2147483647;
			files = (
				1D5AFD1A2B98BDD9005FA285 /* LaunchScreen.storyboard in Resources */,
				1D13BD532BD0164100148602 /* Hello.ttf in Resources */,
				1D13BD542BD0164300148602 /* ThingsRegular.ttf in Resources */,
				1D5AFD172B98BDD9005FA285 /* Assets.xcassets in Resources */,
				1D13BD522BD0163E00148602 /* Mainstay.ttf in Resources */,
				1D5AFD122B98BDD8005FA285 /* Main.storyboard in Resources */,
			);
			runOnlyForDeploymentPostprocessing = 0;
		};
		1D5AFD1E2B98BDD9005FA285 /* Resources */ = {
			isa = PBXResourcesBuildPhase;
			buildActionMask = 2147483647;
			files = (
			);
			runOnlyForDeploymentPostprocessing = 0;
		};
		1D5AFD282B98BDD9005FA285 /* Resources */ = {
			isa = PBXResourcesBuildPhase;
			buildActionMask = 2147483647;
			files = (
			);
			runOnlyForDeploymentPostprocessing = 0;
		};
/* End PBXResourcesBuildPhase section */

/* Begin PBXSourcesBuildPhase section */
		1D5AFD032B98BDD8005FA285 /* Sources */ = {
			isa = PBXSourcesBuildPhase;
			buildActionMask = 2147483647;
			files = (
				1D5AFD0F2B98BDD8005FA285 /* ViewController.swift in Sources */,
				1D5AFD4A2B9F51AC005FA285 /* OtherViewController.swift in Sources */,
				1D5AFD442B9F5168005FA285 /* AddQuizViewController.swift in Sources */,
				1D5AFD4E2BA88CD7005FA285 /* DetailsViewController.swift in Sources */,
				1D5AFD422B9F5155005FA285 /* QuizViewController.swift in Sources */,
				1D5AFD462B9F5183005FA285 /* DrinkTestViewController.swift in Sources */,
				1D5AFD0B2B98BDD8005FA285 /* AppDelegate.swift in Sources */,
				1D5AFD4C2B9F51BB005FA285 /* SyrupViewController.swift in Sources */,
				1D5AFD152B98BDD8005FA285 /* BaristaApp.xcdatamodeld in Sources */,
				1D5AFD0D2B98BDD8005FA285 /* SceneDelegate.swift in Sources */,
				C895FBF72BCEC4AB00C6E2D7 /* Drink.swift in Sources */,
				1D5AFD482B9F519A005FA285 /* MilkViewController.swift in Sources */,
			);
			runOnlyForDeploymentPostprocessing = 0;
		};
		1D5AFD1C2B98BDD9005FA285 /* Sources */ = {
			isa = PBXSourcesBuildPhase;
			buildActionMask = 2147483647;
			files = (
				1D5AFD252B98BDD9005FA285 /* BaristaAppTests.swift in Sources */,
			);
			runOnlyForDeploymentPostprocessing = 0;
		};
		1D5AFD262B98BDD9005FA285 /* Sources */ = {
			isa = PBXSourcesBuildPhase;
			buildActionMask = 2147483647;
			files = (
				1D5AFD2F2B98BDD9005FA285 /* BaristaAppUITests.swift in Sources */,
				1D5AFD312B98BDD9005FA285 /* BaristaAppUITestsLaunchTests.swift in Sources */,
			);
			runOnlyForDeploymentPostprocessing = 0;
		};
/* End PBXSourcesBuildPhase section */

/* Begin PBXTargetDependency section */
		1D5AFD222B98BDD9005FA285 /* PBXTargetDependency */ = {
			isa = PBXTargetDependency;
			target = 1D5AFD062B98BDD8005FA285 /* BaristaApp */;
			targetProxy = 1D5AFD212B98BDD9005FA285 /* PBXContainerItemProxy */;
		};
		1D5AFD2C2B98BDD9005FA285 /* PBXTargetDependency */ = {
			isa = PBXTargetDependency;
			target = 1D5AFD062B98BDD8005FA285 /* BaristaApp */;
			targetProxy = 1D5AFD2B2B98BDD9005FA285 /* PBXContainerItemProxy */;
		};
/* End PBXTargetDependency section */

/* Begin PBXVariantGroup section */
		1D5AFD102B98BDD8005FA285 /* Main.storyboard */ = {
			isa = PBXVariantGroup;
			children = (
				1D5AFD112B98BDD8005FA285 /* Base */,
			);
			name = Main.storyboard;
			sourceTree = "<group>";
		};
		1D5AFD182B98BDD9005FA285 /* LaunchScreen.storyboard */ = {
			isa = PBXVariantGroup;
			children = (
				1D5AFD192B98BDD9005FA285 /* Base */,
			);
			name = LaunchScreen.storyboard;
			sourceTree = "<group>";
		};
/* End PBXVariantGroup section */

/* Begin XCBuildConfiguration section */
		1D5AFD322B98BDD9005FA285 /* Debug */ = {
			isa = XCBuildConfiguration;
			buildSettings = {
				ALWAYS_SEARCH_USER_PATHS = NO;
				ASSETCATALOG_COMPILER_GENERATE_SWIFT_ASSET_SYMBOL_EXTENSIONS = YES;
				CLANG_ANALYZER_NONNULL = YES;
				CLANG_ANALYZER_NUMBER_OBJECT_CONVERSION = YES_AGGRESSIVE;
				CLANG_CXX_LANGUAGE_STANDARD = "gnu++20";
				CLANG_ENABLE_MODULES = YES;
				CLANG_ENABLE_OBJC_ARC = YES;
				CLANG_ENABLE_OBJC_WEAK = YES;
				CLANG_WARN_BLOCK_CAPTURE_AUTORELEASING = YES;
				CLANG_WARN_BOOL_CONVERSION = YES;
				CLANG_WARN_COMMA = YES;
				CLANG_WARN_CONSTANT_CONVERSION = YES;
				CLANG_WARN_DEPRECATED_OBJC_IMPLEMENTATIONS = YES;
				CLANG_WARN_DIRECT_OBJC_ISA_USAGE = YES_ERROR;
				CLANG_WARN_DOCUMENTATION_COMMENTS = YES;
				CLANG_WARN_EMPTY_BODY = YES;
				CLANG_WARN_ENUM_CONVERSION = YES;
				CLANG_WARN_INFINITE_RECURSION = YES;
				CLANG_WARN_INT_CONVERSION = YES;
				CLANG_WARN_NON_LITERAL_NULL_CONVERSION = YES;
				CLANG_WARN_OBJC_IMPLICIT_RETAIN_SELF = YES;
				CLANG_WARN_OBJC_LITERAL_CONVERSION = YES;
				CLANG_WARN_OBJC_ROOT_CLASS = YES_ERROR;
				CLANG_WARN_QUOTED_INCLUDE_IN_FRAMEWORK_HEADER = YES;
				CLANG_WARN_RANGE_LOOP_ANALYSIS = YES;
				CLANG_WARN_STRICT_PROTOTYPES = YES;
				CLANG_WARN_SUSPICIOUS_MOVE = YES;
				CLANG_WARN_UNGUARDED_AVAILABILITY = YES_AGGRESSIVE;
				CLANG_WARN_UNREACHABLE_CODE = YES;
				CLANG_WARN__DUPLICATE_METHOD_MATCH = YES;
				COPY_PHASE_STRIP = NO;
				DEBUG_INFORMATION_FORMAT = dwarf;
				ENABLE_STRICT_OBJC_MSGSEND = YES;
				ENABLE_TESTABILITY = YES;
				ENABLE_USER_SCRIPT_SANDBOXING = YES;
				GCC_C_LANGUAGE_STANDARD = gnu17;
				GCC_DYNAMIC_NO_PIC = NO;
				GCC_NO_COMMON_BLOCKS = YES;
				GCC_OPTIMIZATION_LEVEL = 0;
				GCC_PREPROCESSOR_DEFINITIONS = (
					"DEBUG=1",
					"$(inherited)",
				);
				GCC_WARN_64_TO_32_BIT_CONVERSION = YES;
				GCC_WARN_ABOUT_RETURN_TYPE = YES_ERROR;
				GCC_WARN_UNDECLARED_SELECTOR = YES;
				GCC_WARN_UNINITIALIZED_AUTOS = YES_AGGRESSIVE;
				GCC_WARN_UNUSED_FUNCTION = YES;
				GCC_WARN_UNUSED_VARIABLE = YES;
				IPHONEOS_DEPLOYMENT_TARGET = 17.0;
				LOCALIZATION_PREFERS_STRING_CATALOGS = YES;
				MTL_ENABLE_DEBUG_INFO = INCLUDE_SOURCE;
				MTL_FAST_MATH = YES;
				ONLY_ACTIVE_ARCH = YES;
				SDKROOT = iphoneos;
				SWIFT_ACTIVE_COMPILATION_CONDITIONS = "DEBUG $(inherited)";
				SWIFT_OPTIMIZATION_LEVEL = "-Onone";
			};
			name = Debug;
		};
		1D5AFD332B98BDD9005FA285 /* Release */ = {
			isa = XCBuildConfiguration;
			buildSettings = {
				ALWAYS_SEARCH_USER_PATHS = NO;
				ASSETCATALOG_COMPILER_GENERATE_SWIFT_ASSET_SYMBOL_EXTENSIONS = YES;
				CLANG_ANALYZER_NONNULL = YES;
				CLANG_ANALYZER_NUMBER_OBJECT_CONVERSION = YES_AGGRESSIVE;
				CLANG_CXX_LANGUAGE_STANDARD = "gnu++20";
				CLANG_ENABLE_MODULES = YES;
				CLANG_ENABLE_OBJC_ARC = YES;
				CLANG_ENABLE_OBJC_WEAK = YES;
				CLANG_WARN_BLOCK_CAPTURE_AUTORELEASING = YES;
				CLANG_WARN_BOOL_CONVERSION = YES;
				CLANG_WARN_COMMA = YES;
				CLANG_WARN_CONSTANT_CONVERSION = YES;
				CLANG_WARN_DEPRECATED_OBJC_IMPLEMENTATIONS = YES;
				CLANG_WARN_DIRECT_OBJC_ISA_USAGE = YES_ERROR;
				CLANG_WARN_DOCUMENTATION_COMMENTS = YES;
				CLANG_WARN_EMPTY_BODY = YES;
				CLANG_WARN_ENUM_CONVERSION = YES;
				CLANG_WARN_INFINITE_RECURSION = YES;
				CLANG_WARN_INT_CONVERSION = YES;
				CLANG_WARN_NON_LITERAL_NULL_CONVERSION = YES;
				CLANG_WARN_OBJC_IMPLICIT_RETAIN_SELF = YES;
				CLANG_WARN_OBJC_LITERAL_CONVERSION = YES;
				CLANG_WARN_OBJC_ROOT_CLASS = YES_ERROR;
				CLANG_WARN_QUOTED_INCLUDE_IN_FRAMEWORK_HEADER = YES;
				CLANG_WARN_RANGE_LOOP_ANALYSIS = YES;
				CLANG_WARN_STRICT_PROTOTYPES = YES;
				CLANG_WARN_SUSPICIOUS_MOVE = YES;
				CLANG_WARN_UNGUARDED_AVAILABILITY = YES_AGGRESSIVE;
				CLANG_WARN_UNREACHABLE_CODE = YES;
				CLANG_WARN__DUPLICATE_METHOD_MATCH = YES;
				COPY_PHASE_STRIP = NO;
				DEBUG_INFORMATION_FORMAT = "dwarf-with-dsym";
				ENABLE_NS_ASSERTIONS = NO;
				ENABLE_STRICT_OBJC_MSGSEND = YES;
				ENABLE_USER_SCRIPT_SANDBOXING = YES;
				GCC_C_LANGUAGE_STANDARD = gnu17;
				GCC_NO_COMMON_BLOCKS = YES;
				GCC_WARN_64_TO_32_BIT_CONVERSION = YES;
				GCC_WARN_ABOUT_RETURN_TYPE = YES_ERROR;
				GCC_WARN_UNDECLARED_SELECTOR = YES;
				GCC_WARN_UNINITIALIZED_AUTOS = YES_AGGRESSIVE;
				GCC_WARN_UNUSED_FUNCTION = YES;
				GCC_WARN_UNUSED_VARIABLE = YES;
				IPHONEOS_DEPLOYMENT_TARGET = 17.0;
				LOCALIZATION_PREFERS_STRING_CATALOGS = YES;
				MTL_ENABLE_DEBUG_INFO = NO;
				MTL_FAST_MATH = YES;
				SDKROOT = iphoneos;
				SWIFT_COMPILATION_MODE = wholemodule;
				VALIDATE_PRODUCT = YES;
			};
			name = Release;
		};
		1D5AFD352B98BDD9005FA285 /* Debug */ = {
			isa = XCBuildConfiguration;
			buildSettings = {
				ASSETCATALOG_COMPILER_APPICON_NAME = AppIcon;
				ASSETCATALOG_COMPILER_GLOBAL_ACCENT_COLOR_NAME = AccentColor;
				CODE_SIGN_STYLE = Automatic;
				CURRENT_PROJECT_VERSION = 1;
				DEVELOPMENT_TEAM = TLWU6VMNZ7;
				GENERATE_INFOPLIST_FILE = YES;
				INFOPLIST_FILE = BaristaApp/Info.plist;
				INFOPLIST_KEY_UIApplicationSupportsIndirectInputEvents = YES;
				INFOPLIST_KEY_UILaunchStoryboardName = LaunchScreen;
				INFOPLIST_KEY_UIMainStoryboardFile = Main;
				INFOPLIST_KEY_UISupportedInterfaceOrientations_iPad = "UIInterfaceOrientationPortrait UIInterfaceOrientationPortraitUpsideDown UIInterfaceOrientationLandscapeLeft UIInterfaceOrientationLandscapeRight";
				INFOPLIST_KEY_UISupportedInterfaceOrientations_iPhone = "UIInterfaceOrientationPortrait UIInterfaceOrientationLandscapeLeft UIInterfaceOrientationLandscapeRight";
				LD_RUNPATH_SEARCH_PATHS = (
					"$(inherited)",
					"@executable_path/Frameworks",
				);
				MARKETING_VERSION = 1.0;
				PRODUCT_BUNDLE_IDENTIFIER = "Avery-Doodle.BaristaApp";
				PRODUCT_NAME = "$(TARGET_NAME)";
				SWIFT_EMIT_LOC_STRINGS = YES;
				SWIFT_VERSION = 5.0;
				TARGETED_DEVICE_FAMILY = "1,2";
			};
			name = Debug;
		};
		1D5AFD362B98BDD9005FA285 /* Release */ = {
			isa = XCBuildConfiguration;
			buildSettings = {
				ASSETCATALOG_COMPILER_APPICON_NAME = AppIcon;
				ASSETCATALOG_COMPILER_GLOBAL_ACCENT_COLOR_NAME = AccentColor;
				CODE_SIGN_STYLE = Automatic;
				CURRENT_PROJECT_VERSION = 1;
				DEVELOPMENT_TEAM = TLWU6VMNZ7;
				GENERATE_INFOPLIST_FILE = YES;
				INFOPLIST_FILE = BaristaApp/Info.plist;
				INFOPLIST_KEY_UIApplicationSupportsIndirectInputEvents = YES;
				INFOPLIST_KEY_UILaunchStoryboardName = LaunchScreen;
				INFOPLIST_KEY_UIMainStoryboardFile = Main;
				INFOPLIST_KEY_UISupportedInterfaceOrientations_iPad = "UIInterfaceOrientationPortrait UIInterfaceOrientationPortraitUpsideDown UIInterfaceOrientationLandscapeLeft UIInterfaceOrientationLandscapeRight";
				INFOPLIST_KEY_UISupportedInterfaceOrientations_iPhone = "UIInterfaceOrientationPortrait UIInterfaceOrientationLandscapeLeft UIInterfaceOrientationLandscapeRight";
				LD_RUNPATH_SEARCH_PATHS = (
					"$(inherited)",
					"@executable_path/Frameworks",
				);
				MARKETING_VERSION = 1.0;
				PRODUCT_BUNDLE_IDENTIFIER = "Avery-Doodle.BaristaApp";
				PRODUCT_NAME = "$(TARGET_NAME)";
				SWIFT_EMIT_LOC_STRINGS = YES;
				SWIFT_VERSION = 5.0;
				TARGETED_DEVICE_FAMILY = "1,2";
			};
			name = Release;
		};
		1D5AFD382B98BDD9005FA285 /* Debug */ = {
			isa = XCBuildConfiguration;
			buildSettings = {
				ALWAYS_EMBED_SWIFT_STANDARD_LIBRARIES = YES;
				BUNDLE_LOADER = "$(TEST_HOST)";
				CODE_SIGN_STYLE = Automatic;
				CURRENT_PROJECT_VERSION = 1;
				DEVELOPMENT_TEAM = TLWU6VMNZ7;
				GENERATE_INFOPLIST_FILE = YES;
				IPHONEOS_DEPLOYMENT_TARGET = 17.0;
				MARKETING_VERSION = 1.0;
				PRODUCT_BUNDLE_IDENTIFIER = "Avery-Doodle.BaristaAppTests";
				PRODUCT_NAME = "$(TARGET_NAME)";
				SWIFT_EMIT_LOC_STRINGS = NO;
				SWIFT_VERSION = 5.0;
				TARGETED_DEVICE_FAMILY = "1,2";
				TEST_HOST = "$(BUILT_PRODUCTS_DIR)/BaristaApp.app/$(BUNDLE_EXECUTABLE_FOLDER_PATH)/BaristaApp";
			};
			name = Debug;
		};
		1D5AFD392B98BDD9005FA285 /* Release */ = {
			isa = XCBuildConfiguration;
			buildSettings = {
				ALWAYS_EMBED_SWIFT_STANDARD_LIBRARIES = YES;
				BUNDLE_LOADER = "$(TEST_HOST)";
				CODE_SIGN_STYLE = Automatic;
				CURRENT_PROJECT_VERSION = 1;
				DEVELOPMENT_TEAM = TLWU6VMNZ7;
				GENERATE_INFOPLIST_FILE = YES;
				IPHONEOS_DEPLOYMENT_TARGET = 17.0;
				MARKETING_VERSION = 1.0;
				PRODUCT_BUNDLE_IDENTIFIER = "Avery-Doodle.BaristaAppTests";
				PRODUCT_NAME = "$(TARGET_NAME)";
				SWIFT_EMIT_LOC_STRINGS = NO;
				SWIFT_VERSION = 5.0;
				TARGETED_DEVICE_FAMILY = "1,2";
				TEST_HOST = "$(BUILT_PRODUCTS_DIR)/BaristaApp.app/$(BUNDLE_EXECUTABLE_FOLDER_PATH)/BaristaApp";
			};
			name = Release;
		};
		1D5AFD3B2B98BDD9005FA285 /* Debug */ = {
			isa = XCBuildConfiguration;
			buildSettings = {
				ALWAYS_EMBED_SWIFT_STANDARD_LIBRARIES = YES;
				CODE_SIGN_STYLE = Automatic;
				CURRENT_PROJECT_VERSION = 1;
				DEVELOPMENT_TEAM = TLWU6VMNZ7;
				GENERATE_INFOPLIST_FILE = YES;
				MARKETING_VERSION = 1.0;
				PRODUCT_BUNDLE_IDENTIFIER = "Avery-Doodle.BaristaAppUITests";
				PRODUCT_NAME = "$(TARGET_NAME)";
				SWIFT_EMIT_LOC_STRINGS = NO;
				SWIFT_VERSION = 5.0;
				TARGETED_DEVICE_FAMILY = "1,2";
				TEST_TARGET_NAME = BaristaApp;
			};
			name = Debug;
		};
		1D5AFD3C2B98BDD9005FA285 /* Release */ = {
			isa = XCBuildConfiguration;
			buildSettings = {
				ALWAYS_EMBED_SWIFT_STANDARD_LIBRARIES = YES;
				CODE_SIGN_STYLE = Automatic;
				CURRENT_PROJECT_VERSION = 1;
				DEVELOPMENT_TEAM = TLWU6VMNZ7;
				GENERATE_INFOPLIST_FILE = YES;
				MARKETING_VERSION = 1.0;
				PRODUCT_BUNDLE_IDENTIFIER = "Avery-Doodle.BaristaAppUITests";
				PRODUCT_NAME = "$(TARGET_NAME)";
				SWIFT_EMIT_LOC_STRINGS = NO;
				SWIFT_VERSION = 5.0;
				TARGETED_DEVICE_FAMILY = "1,2";
				TEST_TARGET_NAME = BaristaApp;
			};
			name = Release;
		};
/* End XCBuildConfiguration section */

/* Begin XCConfigurationList section */
		1D5AFD022B98BDD8005FA285 /* Build configuration list for PBXProject "BaristaApp" */ = {
			isa = XCConfigurationList;
			buildConfigurations = (
				1D5AFD322B98BDD9005FA285 /* Debug */,
				1D5AFD332B98BDD9005FA285 /* Release */,
			);
			defaultConfigurationIsVisible = 0;
			defaultConfigurationName = Release;
		};
		1D5AFD342B98BDD9005FA285 /* Build configuration list for PBXNativeTarget "BaristaApp" */ = {
			isa = XCConfigurationList;
			buildConfigurations = (
				1D5AFD352B98BDD9005FA285 /* Debug */,
				1D5AFD362B98BDD9005FA285 /* Release */,
			);
			defaultConfigurationIsVisible = 0;
			defaultConfigurationName = Release;
		};
		1D5AFD372B98BDD9005FA285 /* Build configuration list for PBXNativeTarget "BaristaAppTests" */ = {
			isa = XCConfigurationList;
			buildConfigurations = (
				1D5AFD382B98BDD9005FA285 /* Debug */,
				1D5AFD392B98BDD9005FA285 /* Release */,
			);
			defaultConfigurationIsVisible = 0;
			defaultConfigurationName = Release;
		};
		1D5AFD3A2B98BDD9005FA285 /* Build configuration list for PBXNativeTarget "BaristaAppUITests" */ = {
			isa = XCConfigurationList;
			buildConfigurations = (
				1D5AFD3B2B98BDD9005FA285 /* Debug */,
				1D5AFD3C2B98BDD9005FA285 /* Release */,
			);
			defaultConfigurationIsVisible = 0;
			defaultConfigurationName = Release;
		};
/* End XCConfigurationList section */

/* Begin XCVersionGroup section */
		1D5AFD132B98BDD8005FA285 /* BaristaApp.xcdatamodeld */ = {
			isa = XCVersionGroup;
			children = (
				1D5AFD142B98BDD8005FA285 /* BaristaApp.xcdatamodel */,
			);
			currentVersion = 1D5AFD142B98BDD8005FA285 /* BaristaApp.xcdatamodel */;
			path = BaristaApp.xcdatamodeld;
			sourceTree = "<group>";
			versionGroupType = wrapper.xcdatamodel;
		};
/* End XCVersionGroup section */
	};
	rootObject = 1D5AFCFF2B98BDD7005FA285 /* Project object */;
}
